
Microsoft Visual Studio Solution File, Format Version 12.00
# Visual Studio 15
VisualStudioVersion = 15.0.27130.2010
MinimumVisualStudioVersion = 10.0.40219.1
Project("{FAE04EC0-301F-11D3-BF4B-00C04F79EFBC}") = "FreeboxOs", "FreeboxOs\FreeboxOs.csproj", "{9B54E45E-063F-4414-B8A0-17AD252A5553}"
EndProject
Project("{FAE04EC0-301F-11D3-BF4B-00C04F79EFBC}") = "FreeboxOs.Tests", "FreeboxOs.Tests\FreeboxOs.Tests.csproj", "{6EAF0054-E14F-428C-8219-E14F54AC4B36}"
EndProject
Project("{2150E333-8FDC-42A3-9474-1A3956D46DE8}") = "Solution", "Solution", "{5D6A31AD-0852-4300-BDBB-D317BD9622A3}"
	ProjectSection(SolutionItems) = preProject
		.editorconfig = .editorconfig
	EndProjectSection
EndProject
Global
	GlobalSection(SolutionConfigurationPlatforms) = preSolution
		Debug|Any CPU = Debug|Any CPU
		Release|Any CPU = Release|Any CPU
	EndGlobalSection
	GlobalSection(ProjectConfigurationPlatforms) = postSolution
		{9B54E45E-063F-4414-B8A0-17AD252A5553}.Debug|Any CPU.ActiveCfg = Debug|Any CPU
		{9B54E45E-063F-4414-B8A0-17AD252A5553}.Debug|Any CPU.Build.0 = Debug|Any CPU
		{9B54E45E-063F-4414-B8A0-17AD252A5553}.Release|Any CPU.ActiveCfg = Release|Any CPU
		{9B54E45E-063F-4414-B8A0-17AD252A5553}.Release|Any CPU.Build.0 = Release|Any CPU
		{6EAF0054-E14F-428C-8219-E14F54AC4B36}.Debug|Any CPU.ActiveCfg = Debug|Any CPU
		{6EAF0054-E14F-428C-8219-E14F54AC4B36}.Debug|Any CPU.Build.0 = Debug|Any CPU
		{6EAF0054-E14F-428C-8219-E14F54AC4B36}.Release|Any CPU.ActiveCfg = Release|Any CPU
		{6EAF0054-E14F-428C-8219-E14F54AC4B36}.Release|Any CPU.Build.0 = Release|Any CPU
	EndGlobalSection
	GlobalSection(SolutionProperties) = preSolution
		HideSolutionNode = FALSE
	EndGlobalSection
	GlobalSection(ExtensibilityGlobals) = postSolution
		SolutionGuid = {30BFF874-FAE6-4B2F-9193-2E792304C132}
	EndGlobalSection
EndGlobal
